
Microsoft Visual Studio Solution File, Format Version 12.00
# Visual Studio 15
VisualStudioVersion = 15.0.25807.0
MinimumVisualStudioVersion = 10.0.40219.1
Project("{2150E333-8FDC-42A3-9474-1A3956D46DE8}") = "Engine", "Engine", "{71CDF8C2-DD81-491A-85AC-F2B950E4B853}"
EndProject
Project("{2150E333-8FDC-42A3-9474-1A3956D46DE8}") = "Games", "Games", "{703511E1-6552-419A-BEDD-F21D048ABF21}"
EndProject
Project("{8BC9CEB8-8B4A-11D0-8D11-00A0C91BC942}") = "UE4", "Intermediate\ProjectFiles\UE4.vcxproj", "{334F399A-D21D-4CAA-8D24-B829A0EA299A}"
EndProject
Project("{8BC9CEB8-8B4A-11D0-8D11-00A0C91BC942}") = "MSGEditorToolDemo", "Intermediate\ProjectFiles\MSGEditorToolDemo.vcxproj", "{446F09D4-3B41-46B0-90C8-87D72A584AC8}"
EndProject
Global
	GlobalSection(SolutionConfigurationPlatforms) = preSolution
		DebugGame Editor|Win32 = DebugGame Editor|Win32
		DebugGame Editor|Win64 = DebugGame Editor|Win64
		DebugGame|Win32 = DebugGame|Win32
		DebugGame|Win64 = DebugGame|Win64
		Development Editor|Win32 = Development Editor|Win32
		Development Editor|Win64 = Development Editor|Win64
		Development|Win32 = Development|Win32
		Development|Win64 = Development|Win64
		Shipping|Win32 = Shipping|Win32
		Shipping|Win64 = Shipping|Win64
	EndGlobalSection
	GlobalSection(ProjectConfigurationPlatforms) = postSolution
		{334F399A-D21D-4CAA-8D24-B829A0EA299A}.DebugGame Editor|Win32.ActiveCfg = BuiltWithUnrealBuildTool|Win32
		{334F399A-D21D-4CAA-8D24-B829A0EA299A}.DebugGame Editor|Win32.Build.0 = BuiltWithUnrealBuildTool|Win32
		{334F399A-D21D-4CAA-8D24-B829A0EA299A}.DebugGame Editor|Win64.ActiveCfg = BuiltWithUnrealBuildTool|Win32
		{334F399A-D21D-4CAA-8D24-B829A0EA299A}.DebugGame Editor|Win64.Build.0 = BuiltWithUnrealBuildTool|Win32
		{334F399A-D21D-4CAA-8D24-B829A0EA299A}.DebugGame|Win32.ActiveCfg = BuiltWithUnrealBuildTool|Win32
		{334F399A-D21D-4CAA-8D24-B829A0EA299A}.DebugGame|Win32.Build.0 = BuiltWithUnrealBuildTool|Win32
		{334F399A-D21D-4CAA-8D24-B829A0EA299A}.DebugGame|Win64.ActiveCfg = BuiltWithUnrealBuildTool|Win32
		{334F399A-D21D-4CAA-8D24-B829A0EA299A}.DebugGame|Win64.Build.0 = BuiltWithUnrealBuildTool|Win32
		{334F399A-D21D-4CAA-8D24-B829A0EA299A}.Development Editor|Win32.ActiveCfg = BuiltWithUnrealBuildTool|Win32
		{334F399A-D21D-4CAA-8D24-B829A0EA299A}.Development Editor|Win32.Build.0 = BuiltWithUnrealBuildTool|Win32
		{334F399A-D21D-4CAA-8D24-B829A0EA299A}.Development Editor|Win64.ActiveCfg = BuiltWithUnrealBuildTool|Win32
		{334F399A-D21D-4CAA-8D24-B829A0EA299A}.Development Editor|Win64.Build.0 = BuiltWithUnrealBuildTool|Win32
		{334F399A-D21D-4CAA-8D24-B829A0EA299A}.Development|Win32.ActiveCfg = BuiltWithUnrealBuildTool|Win32
		{334F399A-D21D-4CAA-8D24-B829A0EA299A}.Development|Win32.Build.0 = BuiltWithUnrealBuildTool|Win32
		{334F399A-D21D-4CAA-8D24-B829A0EA299A}.Development|Win64.ActiveCfg = BuiltWithUnrealBuildTool|Win32
		{334F399A-D21D-4CAA-8D24-B829A0EA299A}.Development|Win64.Build.0 = BuiltWithUnrealBuildTool|Win32
		{334F399A-D21D-4CAA-8D24-B829A0EA299A}.Shipping|Win32.ActiveCfg = BuiltWithUnrealBuildTool|Win32
		{334F399A-D21D-4CAA-8D24-B829A0EA299A}.Shipping|Win32.Build.0 = BuiltWithUnrealBuildTool|Win32
		{334F399A-D21D-4CAA-8D24-B829A0EA299A}.Shipping|Win64.ActiveCfg = BuiltWithUnrealBuildTool|Win32
		{334F399A-D21D-4CAA-8D24-B829A0EA299A}.Shipping|Win64.Build.0 = BuiltWithUnrealBuildTool|Win32
		{446F09D4-3B41-46B0-90C8-87D72A584AC8}.DebugGame Editor|Win32.ActiveCfg = DebugGame_Editor|Win32
		{446F09D4-3B41-46B0-90C8-87D72A584AC8}.DebugGame Editor|Win64.ActiveCfg = DebugGame_Editor|x64
		{446F09D4-3B41-46B0-90C8-87D72A584AC8}.DebugGame Editor|Win64.Build.0 = DebugGame_Editor|x64
		{446F09D4-3B41-46B0-90C8-87D72A584AC8}.DebugGame|Win32.ActiveCfg = DebugGame_Game|Win32
		{446F09D4-3B41-46B0-90C8-87D72A584AC8}.DebugGame|Win32.Build.0 = DebugGame_Game|Win32
		{446F09D4-3B41-46B0-90C8-87D72A584AC8}.DebugGame|Win64.ActiveCfg = DebugGame_Game|x64
		{446F09D4-3B41-46B0-90C8-87D72A584AC8}.DebugGame|Win64.Build.0 = DebugGame_Game|x64
		{446F09D4-3B41-46B0-90C8-87D72A584AC8}.Development Editor|Win32.ActiveCfg = Development_Editor|Win32
		{446F09D4-3B41-46B0-90C8-87D72A584AC8}.Development Editor|Win64.ActiveCfg = Development_Editor|x64
		{446F09D4-3B41-46B0-90C8-87D72A584AC8}.Development Editor|Win64.Build.0 = Development_Editor|x64
		{446F09D4-3B41-46B0-90C8-87D72A584AC8}.Development|Win32.ActiveCfg = Development_Game|Win32
		{446F09D4-3B41-46B0-90C8-87D72A584AC8}.Development|Win32.Build.0 = Development_Game|Win32
		{446F09D4-3B41-46B0-90C8-87D72A584AC8}.Development|Win64.ActiveCfg = Development_Game|x64
		{446F09D4-3B41-46B0-90C8-87D72A584AC8}.Development|Win64.Build.0 = Development_Game|x64
		{446F09D4-3B41-46B0-90C8-87D72A584AC8}.Shipping|Win32.ActiveCfg = Shipping_Game|Win32
		{446F09D4-3B41-46B0-90C8-87D72A584AC8}.Shipping|Win32.Build.0 = Shipping_Game|Win32
		{446F09D4-3B41-46B0-90C8-87D72A584AC8}.Shipping|Win64.ActiveCfg = Shipping_Game|x64
		{446F09D4-3B41-46B0-90C8-87D72A584AC8}.Shipping|Win64.Build.0 = Shipping_Game|x64
	EndGlobalSection
	GlobalSection(SolutionProperties) = preSolution
		HideSolutionNode = FALSE
	EndGlobalSection
	GlobalSection(NestedProjects) = preSolution
		{334F399A-D21D-4CAA-8D24-B829A0EA299A} = {71CDF8C2-DD81-491A-85AC-F2B950E4B853}
		{446F09D4-3B41-46B0-90C8-87D72A584AC8} = {703511E1-6552-419A-BEDD-F21D048ABF21}
	EndGlobalSection
	GlobalSection(ExtensibilityGlobals) = postSolution
		SolutionGuid = {66E0C8C0-E172-401F-A230-EA07DD112479}
	EndGlobalSection
EndGlobal
